
Microsoft Visual Studio Solution File, Format Version 11.00
# Visual Studio 2010
Project("{911E67C6-3D85-4FCE-B560-20A9C3E3FF48}") = "Andre's First Game", "Andre's First Game.exe", "{BF921C91-C38E-43C3-B0C5-1FC752376CB3}"
	ProjectSection(DebuggerProjectSystem) = preProject
		PortSupplier = 00000000-0000-0000-0000-000000000000
		Executable = C:\Documents and Settings\Owner\My Documents\Andre Projects\2011\Andre's First Game\Andre's First Game.exe
		RemoteMachine = SONY
		StartingDirectory = C:\Documents and Settings\Owner\My Documents\Andre Projects\2011\Andre's First Game
		Environment = Default
		LaunchingEngine = 00000000-0000-0000-0000-000000000000
		LaunchSQLEngine = No
		AttachLaunchAction = No
	EndProjectSection
EndProject
Global
	GlobalSection(SolutionConfigurationPlatforms) = preSolution
		Debug|x86 = Debug|x86
	EndGlobalSection
	GlobalSection(ProjectConfigurationPlatforms) = postSolution
		{BF921C91-C38E-43C3-B0C5-1FC752376CB3}.Debug|x86.ActiveCfg = Debug|x86
	EndGlobalSection
	GlobalSection(SolutionProperties) = preSolution
		HideSolutionNode = FALSE
	EndGlobalSection
EndGlobal
